
Microsoft Visual Studio Solution File, Format Version 12.00
# Visual Studio Version 16
VisualStudioVersion = 16.0.31129.286
MinimumVisualStudioVersion = 10.0.40219.1
Project("{9A19103F-16F7-4668-BE54-9A1E7A4F7556}") = "AdventOfCodeTests", "AdventOfCodeTests\AdventOfCodeTests.csproj", "{EC6F1776-90F6-466C-A138-DC8833AFAE45}"
EndProject
Project("{FAE04EC0-301F-11D3-BF4B-00C04F79EFBC}") = "AdventOfCode", "AdventOfCode\AdventOfCode.csproj", "{7B87024B-07B6-4A86-ACE5-56B27BE6A061}"
EndProject
Global
	GlobalSection(SolutionConfigurationPlatforms) = preSolution
		Debug|Any CPU = Debug|Any CPU
		Release|Any CPU = Release|Any CPU
	EndGlobalSection
	GlobalSection(ProjectConfigurationPlatforms) = postSolution
		{EC6F1776-90F6-466C-A138-DC8833AFAE45}.Debug|Any CPU.ActiveCfg = Debug|Any CPU
		{EC6F1776-90F6-466C-A138-DC8833AFAE45}.Debug|Any CPU.Build.0 = Debug|Any CPU
		{EC6F1776-90F6-466C-A138-DC8833AFAE45}.Release|Any CPU.ActiveCfg = Release|Any CPU
		{EC6F1776-90F6-466C-A138-DC8833AFAE45}.Release|Any CPU.Build.0 = Release|Any CPU
		{7B87024B-07B6-4A86-ACE5-56B27BE6A061}.Debug|Any CPU.ActiveCfg = Debug|Any CPU
		{7B87024B-07B6-4A86-ACE5-56B27BE6A061}.Debug|Any CPU.Build.0 = Debug|Any CPU
		{7B87024B-07B6-4A86-ACE5-56B27BE6A061}.Release|Any CPU.ActiveCfg = Release|Any CPU
		{7B87024B-07B6-4A86-ACE5-56B27BE6A061}.Release|Any CPU.Build.0 = Release|Any CPU
	EndGlobalSection
	GlobalSection(SolutionProperties) = preSolution
		HideSolutionNode = FALSE
	EndGlobalSection
	GlobalSection(ExtensibilityGlobals) = postSolution
		SolutionGuid = {6A112D30-3E31-4E36-85F2-2BD64DEBE0CA}
	EndGlobalSection
EndGlobal
